<?xml version="1.0" encoding="utf-8"?>
<Project ToolsVersion="4.0" xmlns="http://schemas.microsoft.com/developer/msbuild/2003">
  <ItemGroup>
    <Filter Include="Resource Files">
      <UniqueIdentifier>{67DA6AB6-F800-4c08-8B7A-83BB121AAD01}</UniqueIdentifier>
      <Extensions>rc;ico;cur;bmp;dlg;rc2;rct;bin;rgs;gif;jpg;jpeg;jpe;resx;tiff;tif;png;wav;mfcribbon-ms</Extensions>
    </Filter>
    <Filter Include="Componentes">
      <UniqueIdentifier>{c861ca7e-e8cd-42df-acd7-4c97df049dbb}</UniqueIdentifier>
    </Filter>
    <Filter Include="Base">
      <UniqueIdentifier>{443d6813-87ab-49a4-b767-efdc23548ff6}</UniqueIdentifier>
    </Filter>
    <Filter Include="Factoría">
      <UniqueIdentifier>{9cbda19c-f37a-4c22-9e64-7266cce1f2da}</UniqueIdentifier>
    </Filter>
    <Filter Include="Includes">
      <UniqueIdentifier>{b4e66e04-f4c4-4635-9676-f79b94a10f38}</UniqueIdentifier>
    </Filter>
    <Filter Include="Managers">
      <UniqueIdentifier>{2aabd952-7335-4e19-a1a9-a35fa92ec8f5}</UniqueIdentifier>
    </Filter>
    <Filter Include="Otros">
      <UniqueIdentifier>{9a46dc28-1e52-429f-b4f6-8abd7bd21058}</UniqueIdentifier>
    </Filter>
  </ItemGroup>
  <ItemGroup>
    <ClCompile Include="..\..\Src\Arquitectura\Component.cpp">
      <Filter>Base</Filter>
    </ClCompile>
    <ClCompile Include="..\..\Src\Arquitectura\Entity.cpp">
      <Filter>Base</Filter>
    </ClCompile>
    <ClCompile Include="..\..\Src\Arquitectura\Messages.cpp">
      <Filter>Base</Filter>
    </ClCompile>
    <ClCompile Include="..\..\Src\Arquitectura\EntityFactory.cpp">
      <Filter>Factoría</Filter>
    </ClCompile>
    <ClCompile Include="..\..\Src\Arquitectura\Rigidbody.cpp">
      <Filter>Componentes</Filter>
    </ClCompile>
    <ClCompile Include="..\..\Src\Arquitectura\MeshRenderer.cpp">
      <Filter>Componentes</Filter>
    </ClCompile>
    <ClCompile Include="..\..\Src\Arquitectura\Transform.cpp">
      <Filter>Componentes</Filter>
    </ClCompile>
    <ClCompile Include="..\..\Src\Arquitectura\Camera.cpp">
      <Filter>Componentes</Filter>
    </ClCompile>
    <ClCompile Include="..\..\Src\Arquitectura\Terrain.cpp">
      <Filter>Componentes</Filter>
    </ClCompile>
    <ClCompile Include="..\..\Src\Arquitectura\Button.cpp">
      <Filter>Componentes</Filter>
    </ClCompile>
    <ClCompile Include="..\..\Src\Arquitectura\AudioSource.cpp">
      <Filter>Managers</Filter>
    </ClCompile>
    <ClCompile Include="..\..\Src\Arquitectura\InputManager.cpp">
      <Filter>Managers</Filter>
    </ClCompile>
    <ClCompile Include="..\..\Src\Arquitectura\OgreSystem.cpp">
      <Filter>Managers</Filter>
    </ClCompile>
    <ClCompile Include="..\..\Src\Arquitectura\PhysicSystem.cpp">
      <Filter>Managers</Filter>
    </ClCompile>
    <ClCompile Include="..\..\Src\Arquitectura\ResourceManager.cpp">
      <Filter>Managers</Filter>
    </ClCompile>
    <ClCompile Include="..\..\Src\Arquitectura\SceneManager.cpp">
      <Filter>Managers</Filter>
    </ClCompile>
    <ClCompile Include="..\..\Src\Arquitectura\GameState.cpp">
      <Filter>Base</Filter>
    </ClCompile>
    <ClCompile Include="..\..\Src\Arquitectura\TerrainCreator.cpp">
      <Filter>Otros</Filter>
    </ClCompile>
  </ItemGroup>
  <ItemGroup>
    <ClInclude Include="..\..\Src\Arquitectura\Component.h">
      <Filter>Base</Filter>
    </ClInclude>
    <ClInclude Include="..\..\Src\Arquitectura\Entity.h">
      <Filter>Base</Filter>
    </ClInclude>
    <ClInclude Include="..\..\Src\Arquitectura\Messages.h">
      <Filter>Base</Filter>
    </ClInclude>
    <ClInclude Include="..\..\Src\Arquitectura\ComponentCreator.h">
      <Filter>Factoría</Filter>
    </ClInclude>
    <ClInclude Include="..\..\Src\Arquitectura\EntityFactory.h">
      <Filter>Factoría</Filter>
    </ClInclude>
    <ClInclude Include="..\..\Src\Arquitectura\Rigidbody.h">
      <Filter>Componentes</Filter>
    </ClInclude>
    <ClInclude Include="..\..\Src\Arquitectura\MeshRenderer.h">
      <Filter>Componentes</Filter>
    </ClInclude>
    <ClInclude Include="..\..\Src\Arquitectura\Transform.h">
      <Filter>Componentes</Filter>
    </ClInclude>
    <ClInclude Include="..\..\Src\Arquitectura\Camera.h">
      <Filter>Componentes</Filter>
    </ClInclude>
    <ClInclude Include="..\..\Src\Arquitectura\Terrain.h">
      <Filter>Componentes</Filter>
    </ClInclude>
    <ClInclude Include="..\..\Src\Arquitectura\Button.h">
      <Filter>Componentes</Filter>
    </ClInclude>
    <ClInclude Include="..\..\Src\Arquitectura\OgreIncludes.h">
      <Filter>Includes</Filter>
    </ClInclude>
    <ClInclude Include="..\..\Src\Arquitectura\OISIncludes.h">
      <Filter>Includes</Filter>
    </ClInclude>
    <ClInclude Include="..\..\Src\Arquitectura\Utils.h">
      <Filter>Includes</Filter>
    </ClInclude>
    <ClInclude Include="..\..\Src\Arquitectura\AudioSource.h">
      <Filter>Managers</Filter>
    </ClInclude>
    <ClInclude Include="..\..\Src\Arquitectura\InputManager.h">
      <Filter>Managers</Filter>
    </ClInclude>
    <ClInclude Include="..\..\Src\Arquitectura\OgreSystem.h">
      <Filter>Managers</Filter>
    </ClInclude>
    <ClInclude Include="..\..\Src\Arquitectura\PhysicSystem.h">
      <Filter>Managers</Filter>
    </ClInclude>
    <ClInclude Include="..\..\Src\Arquitectura\ResourceManager.h">
      <Filter>Managers</Filter>
    </ClInclude>
    <ClInclude Include="..\..\Src\Arquitectura\SceneManager.h">
      <Filter>Managers</Filter>
    </ClInclude>
    <ClInclude Include="..\..\Src\Arquitectura\GameState.h">
      <Filter>Base</Filter>
    </ClInclude>
    <ClInclude Include="..\..\Src\Arquitectura\TerrainCreator.h">
      <Filter>Otros</Filter>
    </ClInclude>
  </ItemGroup>
</Project>